{
  "pins" : [
    {
      "identity" : "tppdf",
      "kind" : "remoteSourceControl",
      "location" : "https://github.com/Techprimate/TPPDF.git",
      "state" : {
        "revision" : "975049c0e1022922580b7927e030901604024925",
        "version" : "2.6.1"
      }
    },
    {
      "identity" : "xcresultkit",
      "kind" : "remoteSourceControl",
      "location" : "https://github.com/shahidlatif2021/XCResultKit.git",
      "state" : {
        "branch" : "main",
        "revision" : "dc7c688394b84f4ab22598e116e4d800aa9e1224"
      }
    },
    {
      "identity" : "zipfoundation",
      "kind" : "remoteSourceControl",
      "location" : "https://github.com/weichsel/ZIPFoundation.git",
      "state" : {
        "revision" : "02b6abe5f6eef7e3cbd5f247c5cc24e246efcfe0",
        "version" : "0.9.19"
      }
    }
  ],
  "version" : 2
}
