{
  "pins" : [
    {
      "identity" : "tppdf",
      "kind" : "remoteSourceControl",
      "location" : "https://github.com/Techprimate/TPPDF.git",
      "state" : {
        "revision" : "975049c0e1022922580b7927e030901604024925",
        "version" : "2.6.1"
      }
    },
    {
      "identity" : "xcresultkit",
      "kind" : "remoteSourceControl",
      "location" : "https://github.com/shahidlatif2021/XCResultKit.git",
      "state" : {
        "branch" : "main",
        "revision" : "63c0a42283ca48f5ee338bc6dd848c3f296691d0"
      }
    }
  ],
  "version" : 2
}
